
Microsoft Visual Studio Solution File, Format Version 12.00
# Visual Studio Version 17
VisualStudioVersion = 17.12.35707.178
MinimumVisualStudioVersion = 10.0.40219.1
Project("{FAE04EC0-301F-11D3-BF4B-00C04F79EFBC}") = "CalendarNotes.API", "CalendarNotes.API\CalendarNotes.API.csproj", "{3BE8AF8B-F3D3-4D11-B098-D631BE874698}"
EndProject
Project("{FAE04EC0-301F-11D3-BF4B-00C04F79EFBC}") = "CalendarNotes.DAL", "CalendarNotes.DAL\CalendarNotes.DAL.csproj", "{DB38DC58-6B93-4905-A254-06C1E9F0D2B2}"
EndProject
Project("{FAE04EC0-301F-11D3-BF4B-00C04F79EFBC}") = "CalendarNotes.BLL", "CalendarNotes.BLL\CalendarNotes.BLL.csproj", "{F8D1E74F-FDCD-4EAB-A58C-FBA0F0DCBD6C}"
EndProject
Project("{FAE04EC0-301F-11D3-BF4B-00C04F79EFBC}") = "CalendarNotes.Shared", "CalendarNotes.Shared\CalendarNotes.Shared.csproj", "{E2EF9C1F-84AF-4149-AC06-77C464EFA1F4}"
EndProject
Project("{FAE04EC0-301F-11D3-BF4B-00C04F79EFBC}") = "CalendarNotes.Client", "CalendarNotes.Client\CalendarNotes.Client.csproj", "{F60D83B7-D87C-4996-A1BD-1237E08EAC28}"
EndProject
Global
	GlobalSection(SolutionConfigurationPlatforms) = preSolution
		Debug|Any CPU = Debug|Any CPU
		Release|Any CPU = Release|Any CPU
	EndGlobalSection
	GlobalSection(ProjectConfigurationPlatforms) = postSolution
		{3BE8AF8B-F3D3-4D11-B098-D631BE874698}.Debug|Any CPU.ActiveCfg = Debug|Any CPU
		{3BE8AF8B-F3D3-4D11-B098-D631BE874698}.Debug|Any CPU.Build.0 = Debug|Any CPU
		{3BE8AF8B-F3D3-4D11-B098-D631BE874698}.Release|Any CPU.ActiveCfg = Release|Any CPU
		{3BE8AF8B-F3D3-4D11-B098-D631BE874698}.Release|Any CPU.Build.0 = Release|Any CPU
		{DB38DC58-6B93-4905-A254-06C1E9F0D2B2}.Debug|Any CPU.ActiveCfg = Debug|Any CPU
		{DB38DC58-6B93-4905-A254-06C1E9F0D2B2}.Debug|Any CPU.Build.0 = Debug|Any CPU
		{DB38DC58-6B93-4905-A254-06C1E9F0D2B2}.Release|Any CPU.ActiveCfg = Release|Any CPU
		{DB38DC58-6B93-4905-A254-06C1E9F0D2B2}.Release|Any CPU.Build.0 = Release|Any CPU
		{F8D1E74F-FDCD-4EAB-A58C-FBA0F0DCBD6C}.Debug|Any CPU.ActiveCfg = Debug|Any CPU
		{F8D1E74F-FDCD-4EAB-A58C-FBA0F0DCBD6C}.Debug|Any CPU.Build.0 = Debug|Any CPU
		{F8D1E74F-FDCD-4EAB-A58C-FBA0F0DCBD6C}.Release|Any CPU.ActiveCfg = Release|Any CPU
		{F8D1E74F-FDCD-4EAB-A58C-FBA0F0DCBD6C}.Release|Any CPU.Build.0 = Release|Any CPU
		{E2EF9C1F-84AF-4149-AC06-77C464EFA1F4}.Debug|Any CPU.ActiveCfg = Debug|Any CPU
		{E2EF9C1F-84AF-4149-AC06-77C464EFA1F4}.Debug|Any CPU.Build.0 = Debug|Any CPU
		{E2EF9C1F-84AF-4149-AC06-77C464EFA1F4}.Release|Any CPU.ActiveCfg = Release|Any CPU
		{E2EF9C1F-84AF-4149-AC06-77C464EFA1F4}.Release|Any CPU.Build.0 = Release|Any CPU
		{F60D83B7-D87C-4996-A1BD-1237E08EAC28}.Debug|Any CPU.ActiveCfg = Debug|Any CPU
		{F60D83B7-D87C-4996-A1BD-1237E08EAC28}.Debug|Any CPU.Build.0 = Debug|Any CPU
		{F60D83B7-D87C-4996-A1BD-1237E08EAC28}.Release|Any CPU.ActiveCfg = Release|Any CPU
	EndGlobalSection
	GlobalSection(SolutionProperties) = preSolution
		HideSolutionNode = FALSE
	EndGlobalSection
	GlobalSection(ExtensibilityGlobals) = postSolution
		SolutionGuid = {E31BF8B3-01B4-48D1-B204-4702D2254FAA}
	EndGlobalSection
EndGlobal
